
Microsoft Visual Studio Solution File, Format Version 12.00
# Visual Studio Version 16
VisualStudioVersion = 16.0.30204.135
MinimumVisualStudioVersion = 10.0.40219.1
Project("{FAE04EC0-301F-11D3-BF4B-00C04F79EFBC}") = "CRUD_SQL_Server", "CRUD_SQL_Server\CRUD_SQL_Server.csproj", "{B0C8FD7C-9711-4E77-9899-C75B35D5C8C4}"
EndProject
Global
	GlobalSection(SolutionConfigurationPlatforms) = preSolution
		Debug|Any CPU = Debug|Any CPU
		Release|Any CPU = Release|Any CPU
	EndGlobalSection
	GlobalSection(ProjectConfigurationPlatforms) = postSolution
		{B0C8FD7C-9711-4E77-9899-C75B35D5C8C4}.Debug|Any CPU.ActiveCfg = Debug|Any CPU
		{B0C8FD7C-9711-4E77-9899-C75B35D5C8C4}.Debug|Any CPU.Build.0 = Debug|Any CPU
		{B0C8FD7C-9711-4E77-9899-C75B35D5C8C4}.Release|Any CPU.ActiveCfg = Release|Any CPU
		{B0C8FD7C-9711-4E77-9899-C75B35D5C8C4}.Release|Any CPU.Build.0 = Release|Any CPU
	EndGlobalSection
	GlobalSection(SolutionProperties) = preSolution
		HideSolutionNode = FALSE
	EndGlobalSection
	GlobalSection(ExtensibilityGlobals) = postSolution
		SolutionGuid = {B4A25F91-9760-4802-9DD7-BAAA61767995}
	EndGlobalSection
EndGlobal
